
Microsoft Visual Studio Solution File, Format Version 12.00
# Visual Studio 14
VisualStudioVersion = 14.0.23107.0
MinimumVisualStudioVersion = 10.0.40219.1
Project("{FAE04EC0-301F-11D3-BF4B-00C04F79EFBC}") = "VisorGUI", "GUI\VisorGUI.csproj", "{9269640E-85C4-4D20-80AE-BE956573A4C8}"
EndProject
Project("{FAE04EC0-301F-11D3-BF4B-00C04F79EFBC}") = "BO", "BO\BO.csproj", "{E1394D95-A1AC-438D-B5B5-3A495C4498E8}"
EndProject
Project("{FAE04EC0-301F-11D3-BF4B-00C04F79EFBC}") = "DAO", "DAO\DAO.csproj", "{0F94DAB4-B27C-4F9F-AD8D-DF1951AC2FBA}"
EndProject
Project("{FAE04EC0-301F-11D3-BF4B-00C04F79EFBC}") = "AdministradorGUI", "AdministradorGUI\AdministradorGUI.csproj", "{DD4A98AF-E946-4ABB-BFA1-ECC398E323CA}"
EndProject
Project("{FAE04EC0-301F-11D3-BF4B-00C04F79EFBC}") = "UsuarioGUI", "UsuarioGUI\UsuarioGUI.csproj", "{4EFDB527-E2E0-4E14-BC52-BBBFCCA88442}"
EndProject
Project("{FAE04EC0-301F-11D3-BF4B-00C04F79EFBC}") = "OrganizadorGUI", "OrganizadorGUI\OrganizadorGUI.csproj", "{427B73AD-9D03-4365-9582-4B70AEC30DA0}"
EndProject
Project("{FAE04EC0-301F-11D3-BF4B-00C04F79EFBC}") = "Services", "Services\Services.csproj", "{DC236FF7-CB2F-4910-8C84-CED9125BFD61}"
EndProject
Global
	GlobalSection(SolutionConfigurationPlatforms) = preSolution
		Debug|Any CPU = Debug|Any CPU
		Release|Any CPU = Release|Any CPU
	EndGlobalSection
	GlobalSection(ProjectConfigurationPlatforms) = postSolution
		{9269640E-85C4-4D20-80AE-BE956573A4C8}.Debug|Any CPU.ActiveCfg = Debug|Any CPU
		{9269640E-85C4-4D20-80AE-BE956573A4C8}.Debug|Any CPU.Build.0 = Debug|Any CPU
		{9269640E-85C4-4D20-80AE-BE956573A4C8}.Release|Any CPU.ActiveCfg = Release|Any CPU
		{9269640E-85C4-4D20-80AE-BE956573A4C8}.Release|Any CPU.Build.0 = Release|Any CPU
		{E1394D95-A1AC-438D-B5B5-3A495C4498E8}.Debug|Any CPU.ActiveCfg = Debug|Any CPU
		{E1394D95-A1AC-438D-B5B5-3A495C4498E8}.Debug|Any CPU.Build.0 = Debug|Any CPU
		{E1394D95-A1AC-438D-B5B5-3A495C4498E8}.Release|Any CPU.ActiveCfg = Release|Any CPU
		{E1394D95-A1AC-438D-B5B5-3A495C4498E8}.Release|Any CPU.Build.0 = Release|Any CPU
		{0F94DAB4-B27C-4F9F-AD8D-DF1951AC2FBA}.Debug|Any CPU.ActiveCfg = Debug|Any CPU
		{0F94DAB4-B27C-4F9F-AD8D-DF1951AC2FBA}.Debug|Any CPU.Build.0 = Debug|Any CPU
		{0F94DAB4-B27C-4F9F-AD8D-DF1951AC2FBA}.Release|Any CPU.ActiveCfg = Release|Any CPU
		{0F94DAB4-B27C-4F9F-AD8D-DF1951AC2FBA}.Release|Any CPU.Build.0 = Release|Any CPU
		{DD4A98AF-E946-4ABB-BFA1-ECC398E323CA}.Debug|Any CPU.ActiveCfg = Debug|Any CPU
		{DD4A98AF-E946-4ABB-BFA1-ECC398E323CA}.Debug|Any CPU.Build.0 = Debug|Any CPU
		{DD4A98AF-E946-4ABB-BFA1-ECC398E323CA}.Release|Any CPU.ActiveCfg = Release|Any CPU
		{DD4A98AF-E946-4ABB-BFA1-ECC398E323CA}.Release|Any CPU.Build.0 = Release|Any CPU
		{4EFDB527-E2E0-4E14-BC52-BBBFCCA88442}.Debug|Any CPU.ActiveCfg = Debug|Any CPU
		{4EFDB527-E2E0-4E14-BC52-BBBFCCA88442}.Debug|Any CPU.Build.0 = Debug|Any CPU
		{4EFDB527-E2E0-4E14-BC52-BBBFCCA88442}.Release|Any CPU.ActiveCfg = Release|Any CPU
		{4EFDB527-E2E0-4E14-BC52-BBBFCCA88442}.Release|Any CPU.Build.0 = Release|Any CPU
		{427B73AD-9D03-4365-9582-4B70AEC30DA0}.Debug|Any CPU.ActiveCfg = Debug|Any CPU
		{427B73AD-9D03-4365-9582-4B70AEC30DA0}.Debug|Any CPU.Build.0 = Debug|Any CPU
		{427B73AD-9D03-4365-9582-4B70AEC30DA0}.Release|Any CPU.ActiveCfg = Release|Any CPU
		{427B73AD-9D03-4365-9582-4B70AEC30DA0}.Release|Any CPU.Build.0 = Release|Any CPU
		{DC236FF7-CB2F-4910-8C84-CED9125BFD61}.Debug|Any CPU.ActiveCfg = Debug|Any CPU
		{DC236FF7-CB2F-4910-8C84-CED9125BFD61}.Debug|Any CPU.Build.0 = Debug|Any CPU
		{DC236FF7-CB2F-4910-8C84-CED9125BFD61}.Release|Any CPU.ActiveCfg = Release|Any CPU
		{DC236FF7-CB2F-4910-8C84-CED9125BFD61}.Release|Any CPU.Build.0 = Release|Any CPU
	EndGlobalSection
	GlobalSection(SolutionProperties) = preSolution
		HideSolutionNode = FALSE
	EndGlobalSection
EndGlobal
